
Microsoft Visual Studio Solution File, Format Version 12.00
# Visual Studio 2013
VisualStudioVersion = 12.0.40629.0
MinimumVisualStudioVersion = 10.0.40219.1
Project("{8BC9CEB8-8B4A-11D0-8D11-00A0C91BC942}") = "2020 2 14", "2020 2 14\2020 2 14.vcxproj", "{E2DDC5CE-BD47-4DD3-A14D-9FFFEE6384AF}"
EndProject
Global
	GlobalSection(SolutionConfigurationPlatforms) = preSolution
		Debug|Win32 = Debug|Win32
		Release|Win32 = Release|Win32
	EndGlobalSection
	GlobalSection(ProjectConfigurationPlatforms) = postSolution
		{E2DDC5CE-BD47-4DD3-A14D-9FFFEE6384AF}.Debug|Win32.ActiveCfg = Debug|Win32
		{E2DDC5CE-BD47-4DD3-A14D-9FFFEE6384AF}.Debug|Win32.Build.0 = Debug|Win32
		{E2DDC5CE-BD47-4DD3-A14D-9FFFEE6384AF}.Release|Win32.ActiveCfg = Release|Win32
		{E2DDC5CE-BD47-4DD3-A14D-9FFFEE6384AF}.Release|Win32.Build.0 = Release|Win32
	EndGlobalSection
	GlobalSection(SolutionProperties) = preSolution
		HideSolutionNode = FALSE
	EndGlobalSection
EndGlobal
