
Microsoft Visual Studio Solution File, Format Version 12.00
# Visual Studio 2013
VisualStudioVersion = 12.0.30501.0
MinimumVisualStudioVersion = 10.0.40219.1
Project("{8BC9CEB8-8B4A-11D0-8D11-00A0C91BC942}") = "test_7", "test_7\test_7.vcxproj", "{64EA3C01-8C99-42A0-AB37-A0EE7D9FFEE5}"
EndProject
Global
	GlobalSection(SolutionConfigurationPlatforms) = preSolution
		Debug|Win32 = Debug|Win32
		Release|Win32 = Release|Win32
	EndGlobalSection
	GlobalSection(ProjectConfigurationPlatforms) = postSolution
		{64EA3C01-8C99-42A0-AB37-A0EE7D9FFEE5}.Debug|Win32.ActiveCfg = Debug|Win32
		{64EA3C01-8C99-42A0-AB37-A0EE7D9FFEE5}.Debug|Win32.Build.0 = Debug|Win32
		{64EA3C01-8C99-42A0-AB37-A0EE7D9FFEE5}.Release|Win32.ActiveCfg = Release|Win32
		{64EA3C01-8C99-42A0-AB37-A0EE7D9FFEE5}.Release|Win32.Build.0 = Release|Win32
	EndGlobalSection
	GlobalSection(SolutionProperties) = preSolution
		HideSolutionNode = FALSE
	EndGlobalSection
EndGlobal
